
Microsoft Visual Studio Solution File, Format Version 12.00
# Visual Studio Version 17
VisualStudioVersion = 17.4.33205.214
MinimumVisualStudioVersion = 10.0.40219.1
Project("{FAE04EC0-301F-11D3-BF4B-00C04F79EFBC}") = "Goroskop.Android", "Goroskop.Android\Goroskop.Android.csproj", "{7B498EA6-DBBD-46D3-9F1B-8ED1E72CFD90}"
EndProject
Project("{FAE04EC0-301F-11D3-BF4B-00C04F79EFBC}") = "Goroskop", "Goroskop\Goroskop.csproj", "{2B1AC706-C782-4236-9670-FFF348A95AB9}"
EndProject
Global
	GlobalSection(SolutionConfigurationPlatforms) = preSolution
		Debug|Any CPU = Debug|Any CPU
		Release|Any CPU = Release|Any CPU
	EndGlobalSection
	GlobalSection(ProjectConfigurationPlatforms) = postSolution
		{7B498EA6-DBBD-46D3-9F1B-8ED1E72CFD90}.Debug|Any CPU.ActiveCfg = Debug|Any CPU
		{7B498EA6-DBBD-46D3-9F1B-8ED1E72CFD90}.Debug|Any CPU.Build.0 = Debug|Any CPU
		{7B498EA6-DBBD-46D3-9F1B-8ED1E72CFD90}.Debug|Any CPU.Deploy.0 = Debug|Any CPU
		{7B498EA6-DBBD-46D3-9F1B-8ED1E72CFD90}.Release|Any CPU.ActiveCfg = Release|Any CPU
		{7B498EA6-DBBD-46D3-9F1B-8ED1E72CFD90}.Release|Any CPU.Build.0 = Release|Any CPU
		{7B498EA6-DBBD-46D3-9F1B-8ED1E72CFD90}.Release|Any CPU.Deploy.0 = Release|Any CPU
		{2B1AC706-C782-4236-9670-FFF348A95AB9}.Debug|Any CPU.ActiveCfg = Debug|Any CPU
		{2B1AC706-C782-4236-9670-FFF348A95AB9}.Debug|Any CPU.Build.0 = Debug|Any CPU
		{2B1AC706-C782-4236-9670-FFF348A95AB9}.Debug|Any CPU.Deploy.0 = Debug|Any CPU
		{2B1AC706-C782-4236-9670-FFF348A95AB9}.Release|Any CPU.ActiveCfg = Release|Any CPU
		{2B1AC706-C782-4236-9670-FFF348A95AB9}.Release|Any CPU.Build.0 = Release|Any CPU
		{2B1AC706-C782-4236-9670-FFF348A95AB9}.Release|Any CPU.Deploy.0 = Release|Any CPU
	EndGlobalSection
	GlobalSection(SolutionProperties) = preSolution
		HideSolutionNode = FALSE
	EndGlobalSection
	GlobalSection(ExtensibilityGlobals) = postSolution
		SolutionGuid = {B425D910-73C8-42AC-A969-A6801FD5B089}
	EndGlobalSection
EndGlobal
